Microsoft Visual Studio Solution File, Format Version 12.00
# Visual Studio Version 17
VisualStudioVersion = 17.5.2.0
MinimumVisualStudioVersion = 10.0.40219.1
Project("{FAE04EC0-301F-11D3-BF4B-00C04F79EFBC}") = "MvcMovie", "MvcMovie\MvcMovie.csproj", "{9EB97CB9-D321-04C1-136F-224636A3D34D}"
EndProject
Global
	GlobalSection(SolutionConfigurationPlatforms) = preSolution
		Debug|Any CPU = Debug|Any CPU
		Release|Any CPU = Release|Any CPU
	EndGlobalSection
	GlobalSection(ProjectConfigurationPlatforms) = postSolution
		{9EB97CB9-D321-04C1-136F-224636A3D34D}.Debug|Any CPU.ActiveCfg = Debug|Any CPU
		{9EB97CB9-D321-04C1-136F-224636A3D34D}.Debug|Any CPU.Build.0 = Debug|Any CPU
		{9EB97CB9-D321-04C1-136F-224636A3D34D}.Release|Any CPU.ActiveCfg = Release|Any CPU
		{9EB97CB9-D321-04C1-136F-224636A3D34D}.Release|Any CPU.Build.0 = Release|Any CPU
	EndGlobalSection
	GlobalSection(SolutionProperties) = preSolution
		HideSolutionNode = FALSE
	EndGlobalSection
	GlobalSection(ExtensibilityGlobals) = postSolution
		SolutionGuid = {A1B3BF6C-B97D-48D0-BCEB-B84E6453F06F}
	EndGlobalSection
EndGlobal
